// !$*UTF8*$!
{
	archiveVersion = 1;
	classes = {
	};
	objectVersion = 54;
	objects = {

/* Begin PBXBuildFile section */
		00E356F31AD99517003FC87E /* Coffee_Shop_AppTests.m in Sources */ = {isa = PBXBuildFile; fileRef = 00E356F21AD99517003FC87E /* Coffee_Shop_AppTests.m */; };
		0C80B921A6F3F58F76C31292 /* libPods-Coffee_Shop_App.a in Frameworks */ = {isa = PBXBuildFile; fileRef = 5DCACB8F33CDC322A6C60F78 /* libPods-Coffee_Shop_App.a */; };
		13B07FBC1A68108700A75B9A /* AppDelegate.mm in Sources */ = {isa = PBXBuildFile; fileRef = 13B07FB01A68108700A75B9A /* AppDelegate.mm */; };
		13B07FBF1A68108700A75B9A /* Images.xcassets in Resources */ = {isa = PBXBuildFile; fileRef = 13B07FB51A68108700A75B9A /* Images.xcassets */; };
		13B07FC11A68108700A75B9A /* main.m in Sources */ = {isa = PBXBuildFile; fileRef = 13B07FB71A68108700A75B9A /* main.m */; };
		7699B88040F8A987B510C191 /* libPods-Coffee_Shop_App-Coffee_Shop_AppTests.a in Frameworks */ = {isa = PBXBuildFile; fileRef = 19F6CBCC0A4E27FBF8BF4A61 /* libPods-Coffee_Shop_App-Coffee_Shop_AppTests.a */; };
		81AB9BB82411601600AC10FF /* LaunchScreen.storyboard in Resources */ = {isa = PBXBuildFile; fileRef = 81AB9BB72411601600AC10FF /* LaunchScreen.storyboard */; };
		3EBB80DDFFFB4B11A543329E /* app_icons.ttf in Resources */ = {isa = PBXBuildFile; fileRef = E0B0FB68347049D9966809C4 /* app_icons.ttf */; };
		4B9A265FE7FF4598867BDDC3 /* Poppins-Black.ttf in Resources */ = {isa = PBXBuildFile; fileRef = 16673853936A47FE81B63086 /* Poppins-Black.ttf */; };
		B4C00F565F2E4C38B4B1E112 /* Poppins-Bold.ttf in Resources */ = {isa = PBXBuildFile; fileRef = 3471374573D240ACB137E38E /* Poppins-Bold.ttf */; };
		4788DBED8A57484CBC0F2086 /* Poppins-ExtraBold.ttf in Resources */ = {isa = PBXBuildFile; fileRef = 3321A8F14B004FDD902411B4 /* Poppins-ExtraBold.ttf */; };
		A98016B032F44341A7690FA8 /* Poppins-ExtraLight.ttf in Resources */ = {isa = PBXBuildFile; fileRef = 7547AEE11B7345FCB1440FD6 /* Poppins-ExtraLight.ttf */; };
		8CD88024A00F4BD59272A7DF /* Poppins-Light.ttf in Resources */ = {isa = PBXBuildFile; fileRef = B13D46D7F8D74F5FBD00B54C /* Poppins-Light.ttf */; };
		3FD6E8AE9D8940F2AFC8E05A /* Poppins-Medium.ttf in Resources */ = {isa = PBXBuildFile; fileRef = 6659510CA8944983A1B35EAD /* Poppins-Medium.ttf */; };
		4903E21F1F4A489DBC6B445B /* Poppins-Regular.ttf in Resources */ = {isa = PBXBuildFile; fileRef = 734EB178AFFE4A66BC2613D8 /* Poppins-Regular.ttf */; };
		349A466CB8F74D4C8A7B5FC7 /* Poppins-SemiBold.ttf in Resources */ = {isa = PBXBuildFile; fileRef = C571F8AE97E54EB5B1062290 /* Poppins-SemiBold.ttf */; };
		3EAF7EBB4FBE41FFB2C345DF /* Poppins-Thin.ttf in Resources */ = {isa = PBXBuildFile; fileRef = C2332A852D804EE2860EBAA3 /* Poppins-Thin.ttf */; };
		A4CCAA6FDA7441558DFF3B52 /* amazonpay.png in Resources */ = {isa = PBXBuildFile; fileRef = 6EC230B659204C9F8ED2424E /* amazonpay.png */; };
		3085F9D4C7934A29AA89233F /* applepay.png in Resources */ = {isa = PBXBuildFile; fileRef = EE73BDFD8B2649FFA704A17B /* applepay.png */; };
		8AB2746F87F5453AA4062BAD /* avatar.png in Resources */ = {isa = PBXBuildFile; fileRef = D7B5B711087A478F85B3FEDB /* avatar.png */; };
		09200506BC1644E280FFBE3D /* gpay.png in Resources */ = {isa = PBXBuildFile; fileRef = 549544EF21B24621977120B2 /* gpay.png */; };
		0F4EB206F2614A3C9F4ACE5E /* americano_pic_1_portrait.png in Resources */ = {isa = PBXBuildFile; fileRef = E337301AE1B54FDC910E4879 /* americano_pic_1_portrait.png */; };
		D112714A32C245E383095324 /* americano_pic_2_portrait.png in Resources */ = {isa = PBXBuildFile; fileRef = D7D002ED78BB48DAAC579388 /* americano_pic_2_portrait.png */; };
		65196901A154450181F026CE /* americano_pic_3_portrait.png in Resources */ = {isa = PBXBuildFile; fileRef = 43539B22A03C405F9CA89820 /* americano_pic_3_portrait.png */; };
		25C7B42FB155465E96EEBACC /* americano_pic_1_square.png in Resources */ = {isa = PBXBuildFile; fileRef = 5F009172C09840C9A4DC69D2 /* americano_pic_1_square.png */; };
		AA2CD66532434D09BD43AE3A /* americano_pic_2_square.png in Resources */ = {isa = PBXBuildFile; fileRef = FE9E41DC279C43DCA3B9AA8D /* americano_pic_2_square.png */; };
		95FA791CFDB3457B92D57422 /* americano_pic_3_square.png in Resources */ = {isa = PBXBuildFile; fileRef = 8158AD78D251479F98EE1827 /* americano_pic_3_square.png */; };
		6924459769154B1198BB82DE /* arabica_coffee_beans_portrait.png in Resources */ = {isa = PBXBuildFile; fileRef = 44C58692BC2F46558BD4473E /* arabica_coffee_beans_portrait.png */; };
		F8A36E1C730E4B29BF1986F7 /* arabica_coffee_beans_square.png in Resources */ = {isa = PBXBuildFile; fileRef = 09B8334DF54843B0A360240B /* arabica_coffee_beans_square.png */; };
		9B2107AD0ED14166A9307BDB /* black_coffee_pic_1_portrait.png in Resources */ = {isa = PBXBuildFile; fileRef = 4BCF8FAD68A742A69F992E06 /* black_coffee_pic_1_portrait.png */; };
		A961E308F38E4FDCB911CA95 /* black_coffee_pic_2_portrait.png in Resources */ = {isa = PBXBuildFile; fileRef = 531770B6C869484CBFC4747C /* black_coffee_pic_2_portrait.png */; };
		6033B0C524FB47B7923B28A2 /* black_coffee_pic_3_portrait.png in Resources */ = {isa = PBXBuildFile; fileRef = F076778E24B8419EBE5265AE /* black_coffee_pic_3_portrait.png */; };
		95B78838F9E6467891106D23 /* black_coffee_pic_1_square.png in Resources */ = {isa = PBXBuildFile; fileRef = D3220144FED148E38F48FA46 /* black_coffee_pic_1_square.png */; };
		25073E09AB404B27927F599C /* black_coffee_pic_2_square.png in Resources */ = {isa = PBXBuildFile; fileRef = D1B21B40DFC447C995A30C0B /* black_coffee_pic_2_square.png */; };
		16176FD4A85941A9B71E7E53 /* black_coffee_pic_3_square.png in Resources */ = {isa = PBXBuildFile; fileRef = 4782EEC172104206962355CA /* black_coffee_pic_3_square.png */; };
		691F5E073511454D883EE5E9 /* cappuccino_pic_1_portrait.png in Resources */ = {isa = PBXBuildFile; fileRef = 6C5B9A0073FB44B5B6D92B2A /* cappuccino_pic_1_portrait.png */; };
		1C967936738045EA9E89B5FE /* cappuccino_pic_2_portrait.png in Resources */ = {isa = PBXBuildFile; fileRef = 6919CD9E677C457E93029A41 /* cappuccino_pic_2_portrait.png */; };
		D886A34711CE47C4AB5C562E /* cappuccino_pic_3_portrait.png in Resources */ = {isa = PBXBuildFile; fileRef = CFA3952D88B34B62B897E544 /* cappuccino_pic_3_portrait.png */; };
		AC571923080141F7B9AA508E /* cappuccino_pic_1_square.png in Resources */ = {isa = PBXBuildFile; fileRef = 47E2F280FFE74732A5C3F211 /* cappuccino_pic_1_square.png */; };
		0485B01C06754237BFA173AE /* cappuccino_pic_2_square.png in Resources */ = {isa = PBXBuildFile; fileRef = 2148059A8BC54075998E4126 /* cappuccino_pic_2_square.png */; };
		12640A966D094C7883A67F7E /* cappuccino_pic_3_square.png in Resources */ = {isa = PBXBuildFile; fileRef = 1CE9FA503ADF41AD8E22C939 /* cappuccino_pic_3_square.png */; };
		F2CB23130EFD4CC49EB9BDA4 /* espresso_pic_1_portrait.png in Resources */ = {isa = PBXBuildFile; fileRef = BF23B18117B14ACB897D7929 /* espresso_pic_1_portrait.png */; };
		7DAC6825825A489988C3B858 /* espresso_pic_2_portrait.png in Resources */ = {isa = PBXBuildFile; fileRef = D41CB98DF63649BF81B6DEEC /* espresso_pic_2_portrait.png */; };
		D37F6141F9C44C5798D331C8 /* espresso_pic_3_portrait.png in Resources */ = {isa = PBXBuildFile; fileRef = 601742F36949462F880607AE /* espresso_pic_3_portrait.png */; };
		8CBF4E3968A14176BED72431 /* espresso_pic_1_square.png in Resources */ = {isa = PBXBuildFile; fileRef = B662B98235004B08AA4F1842 /* espresso_pic_1_square.png */; };
		9DBB0563A5794377BADA5E75 /* espresso_pic_2_square.png in Resources */ = {isa = PBXBuildFile; fileRef = 62307A65357048AF8815A3F0 /* espresso_pic_2_square.png */; };
		067251EE7D9148EB9A90B21D /* espresso_pic_3_square.png in Resources */ = {isa = PBXBuildFile; fileRef = 1F7DC20BEC4A4770A25006A0 /* espresso_pic_3_square.png */; };
		9EB3DF95F5414BC08294E176 /* excelsa_coffee_beans_portrait.png in Resources */ = {isa = PBXBuildFile; fileRef = 8236E98F4D21469C99163DD6 /* excelsa_coffee_beans_portrait.png */; };
		9AF17CFBBB414D8C86CAE426 /* excelsa_coffee_beans_square.png in Resources */ = {isa = PBXBuildFile; fileRef = 00C8306129E444E181AC5AF1 /* excelsa_coffee_beans_square.png */; };
		6E7F09FE87DE470486F58174 /* latte_pic_1_portrait.png in Resources */ = {isa = PBXBuildFile; fileRef = 16E66E5E60604373B541C8C9 /* latte_pic_1_portrait.png */; };
		C491E3E399E04C53880CF08D /* latte_pic_2_portrait.png in Resources */ = {isa = PBXBuildFile; fileRef = 7C8880CBBF84402F8F0369C9 /* latte_pic_2_portrait.png */; };
		210FB23652CB4A36BD913B57 /* latte_pic_3_portrait.png in Resources */ = {isa = PBXBuildFile; fileRef = 53A10E9ED5094038893B5489 /* latte_pic_3_portrait.png */; };
		3797B1425AB54E74B444116E /* latte_pic_1_square.png in Resources */ = {isa = PBXBuildFile; fileRef = 9A959E9BC36D4BA29A09E161 /* latte_pic_1_square.png */; };
		9C2EB8443F2E4657BFA6981F /* latte_pic_2_square.png in Resources */ = {isa = PBXBuildFile; fileRef = 003878AFB202412FA73CDC9D /* latte_pic_2_square.png */; };
		9AD353BA76B9495396E98CD5 /* latte_pic_3_square.png in Resources */ = {isa = PBXBuildFile; fileRef = A98EB211A1A74E9B86894A7C /* latte_pic_3_square.png */; };
		2E4AC3423F314347AC62E2FD /* liberica_coffee_beans_portrait.png in Resources */ = {isa = PBXBuildFile; fileRef = 61EFEFDE86044489AEB455E2 /* liberica_coffee_beans_portrait.png */; };
		ED25E80096E84CCA94D0D60B /* liberica_coffee_beans_square.png in Resources */ = {isa = PBXBuildFile; fileRef = C971423F854446BEA6ADAD68 /* liberica_coffee_beans_square.png */; };
		E96068609E474156A2A868BF /* macchiato_pic_1_portrait.png in Resources */ = {isa = PBXBuildFile; fileRef = CA258253DD094032B507C29E /* macchiato_pic_1_portrait.png */; };
		BAC672B45DDA45BFBCFBC4D2 /* macchiato_pic_2_portrait.png in Resources */ = {isa = PBXBuildFile; fileRef = 248734BAC52140368C0987D4 /* macchiato_pic_2_portrait.png */; };
		8C8DC96325AE43E9BF8FDBA7 /* macchiato_pic_3_portrait.png in Resources */ = {isa = PBXBuildFile; fileRef = 39723F0FBE7F4A599D685424 /* macchiato_pic_3_portrait.png */; };
		9C3C658C192B45D5B9463225 /* macchiato_pic_1_square.png in Resources */ = {isa = PBXBuildFile; fileRef = 806DA10C0D014069B9FCD609 /* macchiato_pic_1_square.png */; };
		5B272CFEBEA64C6BBB61C111 /* macchiato_pic_2_square.png in Resources */ = {isa = PBXBuildFile; fileRef = C5E9A714CB064B6C98C7352E /* macchiato_pic_2_square.png */; };
		9B6BBCB094B44714A0571CE2 /* macchiato_pic_3_square.png in Resources */ = {isa = PBXBuildFile; fileRef = 95AF9A72E12A4266B25D1654 /* macchiato_pic_3_square.png */; };
		3F1F657BA0814A4F9A569561 /* robusta_coffee_beans_portrait.png in Resources */ = {isa = PBXBuildFile; fileRef = FB559DD53FDA4574982C4521 /* robusta_coffee_beans_portrait.png */; };
		C7D304A6175347B48CD13AFB /* robusta_coffee_beans_square.png in Resources */ = {isa = PBXBuildFile; fileRef = CF2222BA6D94463AB0F1C181 /* robusta_coffee_beans_square.png */; };
/* End PBXBuildFile section */

/* Begin PBXContainerItemProxy section */
		00E356F41AD99517003FC87E /* PBXContainerItemProxy */ = {
			isa = PBXContainerItemProxy;
			containerPortal = 83CBB9F71A601CBA00E9B192 /* Project object */;
			proxyType = 1;
			remoteGlobalIDString = 13B07F861A680F5B00A75B9A;
			remoteInfo = Coffee_Shop_App;
		};
/* End PBXContainerItemProxy section */

/* Begin PBXFileReference section */
		00E356EE1AD99517003FC87E /* Coffee_Shop_AppTests.xctest */ = {isa = PBXFileReference; explicitFileType = wrapper.cfbundle; includeInIndex = 0; path = Coffee_Shop_AppTests.xctest; sourceTree = BUILT_PRODUCTS_DIR; };
		00E356F11AD99517003FC87E /* Info.plist */ = {isa = PBXFileReference; lastKnownFileType = text.plist.xml; path = Info.plist; sourceTree = "<group>"; };
		00E356F21AD99517003FC87E /* Coffee_Shop_AppTests.m */ = {isa = PBXFileReference; lastKnownFileType = sourcecode.c.objc; path = Coffee_Shop_AppTests.m; sourceTree = "<group>"; };
		13B07F961A680F5B00A75B9A /* Coffee_Shop_App.app */ = {isa = PBXFileReference; explicitFileType = wrapper.application; includeInIndex = 0; path = Coffee_Shop_App.app; sourceTree = BUILT_PRODUCTS_DIR; };
		13B07FAF1A68108700A75B9A /* AppDelegate.h */ = {isa = PBXFileReference; fileEncoding = 4; lastKnownFileType = sourcecode.c.h; name = AppDelegate.h; path = Coffee_Shop_App/AppDelegate.h; sourceTree = "<group>"; };
		13B07FB01A68108700A75B9A /* AppDelegate.mm */ = {isa = PBXFileReference; fileEncoding = 4; lastKnownFileType = sourcecode.cpp.objcpp; name = AppDelegate.mm; path = Coffee_Shop_App/AppDelegate.mm; sourceTree = "<group>"; };
		13B07FB51A68108700A75B9A /* Images.xcassets */ = {isa = PBXFileReference; lastKnownFileType = folder.assetcatalog; name = Images.xcassets; path = Coffee_Shop_App/Images.xcassets; sourceTree = "<group>"; };
		13B07FB61A68108700A75B9A /* Info.plist */ = {isa = PBXFileReference; fileEncoding = 4; lastKnownFileType = text.plist.xml; name = Info.plist; path = Coffee_Shop_App/Info.plist; sourceTree = "<group>"; };
		13B07FB71A68108700A75B9A /* main.m */ = {isa = PBXFileReference; fileEncoding = 4; lastKnownFileType = sourcecode.c.objc; name = main.m; path = Coffee_Shop_App/main.m; sourceTree = "<group>"; };
		19F6CBCC0A4E27FBF8BF4A61 /* libPods-Coffee_Shop_App-Coffee_Shop_AppTests.a */ = {isa = PBXFileReference; explicitFileType = archive.ar; includeInIndex = 0; path = "libPods-Coffee_Shop_App-Coffee_Shop_AppTests.a"; sourceTree = BUILT_PRODUCTS_DIR; };
		3B4392A12AC88292D35C810B /* Pods-Coffee_Shop_App.debug.xcconfig */ = {isa = PBXFileReference; includeInIndex = 1; lastKnownFileType = text.xcconfig; name = "Pods-Coffee_Shop_App.debug.xcconfig"; path = "Target Support Files/Pods-Coffee_Shop_App/Pods-Coffee_Shop_App.debug.xcconfig"; sourceTree = "<group>"; };
		5709B34CF0A7D63546082F79 /* Pods-Coffee_Shop_App.release.xcconfig */ = {isa = PBXFileReference; includeInIndex = 1; lastKnownFileType = text.xcconfig; name = "Pods-Coffee_Shop_App.release.xcconfig"; path = "Target Support Files/Pods-Coffee_Shop_App/Pods-Coffee_Shop_App.release.xcconfig"; sourceTree = "<group>"; };
		5B7EB9410499542E8C5724F5 /* Pods-Coffee_Shop_App-Coffee_Shop_AppTests.debug.xcconfig */ = {isa = PBXFileReference; includeInIndex = 1; lastKnownFileType = text.xcconfig; name = "Pods-Coffee_Shop_App-Coffee_Shop_AppTests.debug.xcconfig"; path = "Target Support Files/Pods-Coffee_Shop_App-Coffee_Shop_AppTests/Pods-Coffee_Shop_App-Coffee_Shop_AppTests.debug.xcconfig"; sourceTree = "<group>"; };
		5DCACB8F33CDC322A6C60F78 /* libPods-Coffee_Shop_App.a */ = {isa = PBXFileReference; explicitFileType = archive.ar; includeInIndex = 0; path = "libPods-Coffee_Shop_App.a"; sourceTree = BUILT_PRODUCTS_DIR; };
		81AB9BB72411601600AC10FF /* LaunchScreen.storyboard */ = {isa = PBXFileReference; fileEncoding = 4; lastKnownFileType = file.storyboard; name = LaunchScreen.storyboard; path = Coffee_Shop_App/LaunchScreen.storyboard; sourceTree = "<group>"; };
		89C6BE57DB24E9ADA2F236DE /* Pods-Coffee_Shop_App-Coffee_Shop_AppTests.release.xcconfig */ = {isa = PBXFileReference; includeInIndex = 1; lastKnownFileType = text.xcconfig; name = "Pods-Coffee_Shop_App-Coffee_Shop_AppTests.release.xcconfig"; path = "Target Support Files/Pods-Coffee_Shop_App-Coffee_Shop_AppTests/Pods-Coffee_Shop_App-Coffee_Shop_AppTests.release.xcconfig"; sourceTree = "<group>"; };
		ED297162215061F000B7C4FE /* JavaScriptCore.framework */ = {isa = PBXFileReference; lastKnownFileType = wrapper.framework; name = JavaScriptCore.framework; path = System/Library/Frameworks/JavaScriptCore.framework; sourceTree = SDKROOT; };
		E0B0FB68347049D9966809C4 /* app_icons.ttf */ = {isa = PBXFileReference; name = "app_icons.ttf"; path = "../src/assets/fonts/app_icons.ttf"; sourceTree = "<group>"; fileEncoding = undefined; lastKnownFileType = unknown; explicitFileType = undefined; includeInIndex = 0; };
		16673853936A47FE81B63086 /* Poppins-Black.ttf */ = {isa = PBXFileReference; name = "Poppins-Black.ttf"; path = "../src/assets/fonts/Poppins-Black.ttf"; sourceTree = "<group>"; fileEncoding = undefined; lastKnownFileType = unknown; explicitFileType = undefined; includeInIndex = 0; };
		3471374573D240ACB137E38E /* Poppins-Bold.ttf */ = {isa = PBXFileReference; name = "Poppins-Bold.ttf"; path = "../src/assets/fonts/Poppins-Bold.ttf"; sourceTree = "<group>"; fileEncoding = undefined; lastKnownFileType = unknown; explicitFileType = undefined; includeInIndex = 0; };
		3321A8F14B004FDD902411B4 /* Poppins-ExtraBold.ttf */ = {isa = PBXFileReference; name = "Poppins-ExtraBold.ttf"; path = "../src/assets/fonts/Poppins-ExtraBold.ttf"; sourceTree = "<group>"; fileEncoding = undefined; lastKnownFileType = unknown; explicitFileType = undefined; includeInIndex = 0; };
		7547AEE11B7345FCB1440FD6 /* Poppins-ExtraLight.ttf */ = {isa = PBXFileReference; name = "Poppins-ExtraLight.ttf"; path = "../src/assets/fonts/Poppins-ExtraLight.ttf"; sourceTree = "<group>"; fileEncoding = undefined; lastKnownFileType = unknown; explicitFileType = undefined; includeInIndex = 0; };
		B13D46D7F8D74F5FBD00B54C /* Poppins-Light.ttf */ = {isa = PBXFileReference; name = "Poppins-Light.ttf"; path = "../src/assets/fonts/Poppins-Light.ttf"; sourceTree = "<group>"; fileEncoding = undefined; lastKnownFileType = unknown; explicitFileType = undefined; includeInIndex = 0; };
		6659510CA8944983A1B35EAD /* Poppins-Medium.ttf */ = {isa = PBXFileReference; name = "Poppins-Medium.ttf"; path = "../src/assets/fonts/Poppins-Medium.ttf"; sourceTree = "<group>"; fileEncoding = undefined; lastKnownFileType = unknown; explicitFileType = undefined; includeInIndex = 0; };
		734EB178AFFE4A66BC2613D8 /* Poppins-Regular.ttf */ = {isa = PBXFileReference; name = "Poppins-Regular.ttf"; path = "../src/assets/fonts/Poppins-Regular.ttf"; sourceTree = "<group>"; fileEncoding = undefined; lastKnownFileType = unknown; explicitFileType = undefined; includeInIndex = 0; };
		C571F8AE97E54EB5B1062290 /* Poppins-SemiBold.ttf */ = {isa = PBXFileReference; name = "Poppins-SemiBold.ttf"; path = "../src/assets/fonts/Poppins-SemiBold.ttf"; sourceTree = "<group>"; fileEncoding = undefined; lastKnownFileType = unknown; explicitFileType = undefined; includeInIndex = 0; };
		C2332A852D804EE2860EBAA3 /* Poppins-Thin.ttf */ = {isa = PBXFileReference; name = "Poppins-Thin.ttf"; path = "../src/assets/fonts/Poppins-Thin.ttf"; sourceTree = "<group>"; fileEncoding = undefined; lastKnownFileType = unknown; explicitFileType = undefined; includeInIndex = 0; };
		6EC230B659204C9F8ED2424E /* amazonpay.png */ = {isa = PBXFileReference; name = "amazonpay.png"; path = "../src/assets/app_images/amazonpay.png"; sourceTree = "<group>"; fileEncoding = undefined; lastKnownFileType = unknown; explicitFileType = undefined; includeInIndex = 0; };
		EE73BDFD8B2649FFA704A17B /* applepay.png */ = {isa = PBXFileReference; name = "applepay.png"; path = "../src/assets/app_images/applepay.png"; sourceTree = "<group>"; fileEncoding = undefined; lastKnownFileType = unknown; explicitFileType = undefined; includeInIndex = 0; };
		D7B5B711087A478F85B3FEDB /* avatar.png */ = {isa = PBXFileReference; name = "avatar.png"; path = "../src/assets/app_images/avatar.png"; sourceTree = "<group>"; fileEncoding = undefined; lastKnownFileType = unknown; explicitFileType = undefined; includeInIndex = 0; };
		549544EF21B24621977120B2 /* gpay.png */ = {isa = PBXFileReference; name = "gpay.png"; path = "../src/assets/app_images/gpay.png"; sourceTree = "<group>"; fileEncoding = undefined; lastKnownFileType = unknown; explicitFileType = undefined; includeInIndex = 0; };
		E337301AE1B54FDC910E4879 /* americano_pic_1_portrait.png */ = {isa = PBXFileReference; name = "americano_pic_1_portrait.png"; path = "../src/assets/coffee_assets/americano/portrait/americano_pic_1_portrait.png"; sourceTree = "<group>"; fileEncoding = undefined; lastKnownFileType = unknown; explicitFileType = undefined; includeInIndex = 0; };
		D7D002ED78BB48DAAC579388 /* americano_pic_2_portrait.png */ = {isa = PBXFileReference; name = "americano_pic_2_portrait.png"; path = "../src/assets/coffee_assets/americano/portrait/americano_pic_2_portrait.png"; sourceTree = "<group>"; fileEncoding = undefined; lastKnownFileType = unknown; explicitFileType = undefined; includeInIndex = 0; };
		43539B22A03C405F9CA89820 /* americano_pic_3_portrait.png */ = {isa = PBXFileReference; name = "americano_pic_3_portrait.png"; path = "../src/assets/coffee_assets/americano/portrait/americano_pic_3_portrait.png"; sourceTree = "<group>"; fileEncoding = undefined; lastKnownFileType = unknown; explicitFileType = undefined; includeInIndex = 0; };
		5F009172C09840C9A4DC69D2 /* americano_pic_1_square.png */ = {isa = PBXFileReference; name = "americano_pic_1_square.png"; path = "../src/assets/coffee_assets/americano/square/americano_pic_1_square.png"; sourceTree = "<group>"; fileEncoding = undefined; lastKnownFileType = unknown; explicitFileType = undefined; includeInIndex = 0; };
		FE9E41DC279C43DCA3B9AA8D /* americano_pic_2_square.png */ = {isa = PBXFileReference; name = "americano_pic_2_square.png"; path = "../src/assets/coffee_assets/americano/square/americano_pic_2_square.png"; sourceTree = "<group>"; fileEncoding = undefined; lastKnownFileType = unknown; explicitFileType = undefined; includeInIndex = 0; };
		8158AD78D251479F98EE1827 /* americano_pic_3_square.png */ = {isa = PBXFileReference; name = "americano_pic_3_square.png"; path = "../src/assets/coffee_assets/americano/square/americano_pic_3_square.png"; sourceTree = "<group>"; fileEncoding = undefined; lastKnownFileType = unknown; explicitFileType = undefined; includeInIndex = 0; };
		44C58692BC2F46558BD4473E /* arabica_coffee_beans_portrait.png */ = {isa = PBXFileReference; name = "arabica_coffee_beans_portrait.png"; path = "../src/assets/coffee_assets/arabica_coffee_beans/arabica_coffee_beans_portrait.png"; sourceTree = "<group>"; fileEncoding = undefined; lastKnownFileType = unknown; explicitFileType = undefined; includeInIndex = 0; };
		09B8334DF54843B0A360240B /* arabica_coffee_beans_square.png */ = {isa = PBXFileReference; name = "arabica_coffee_beans_square.png"; path = "../src/assets/coffee_assets/arabica_coffee_beans/arabica_coffee_beans_square.png"; sourceTree = "<group>"; fileEncoding = undefined; lastKnownFileType = unknown; explicitFileType = undefined; includeInIndex = 0; };
		4BCF8FAD68A742A69F992E06 /* black_coffee_pic_1_portrait.png */ = {isa = PBXFileReference; name = "black_coffee_pic_1_portrait.png"; path = "../src/assets/coffee_assets/black_coffee/portrait/black_coffee_pic_1_portrait.png"; sourceTree = "<group>"; fileEncoding = undefined; lastKnownFileType = unknown; explicitFileType = undefined; includeInIndex = 0; };
		531770B6C869484CBFC4747C /* black_coffee_pic_2_portrait.png */ = {isa = PBXFileReference; name = "black_coffee_pic_2_portrait.png"; path = "../src/assets/coffee_assets/black_coffee/portrait/black_coffee_pic_2_portrait.png"; sourceTree = "<group>"; fileEncoding = undefined; lastKnownFileType = unknown; explicitFileType = undefined; includeInIndex = 0; };
		F076778E24B8419EBE5265AE /* black_coffee_pic_3_portrait.png */ = {isa = PBXFileReference; name = "black_coffee_pic_3_portrait.png"; path = "../src/assets/coffee_assets/black_coffee/portrait/black_coffee_pic_3_portrait.png"; sourceTree = "<group>"; fileEncoding = undefined; lastKnownFileType = unknown; explicitFileType = undefined; includeInIndex = 0; };
		D3220144FED148E38F48FA46 /* black_coffee_pic_1_square.png */ = {isa = PBXFileReference; name = "black_coffee_pic_1_square.png"; path = "../src/assets/coffee_assets/black_coffee/square/black_coffee_pic_1_square.png"; sourceTree = "<group>"; fileEncoding = undefined; lastKnownFileType = unknown; explicitFileType = undefined; includeInIndex = 0; };
		D1B21B40DFC447C995A30C0B /* black_coffee_pic_2_square.png */ = {isa = PBXFileReference; name = "black_coffee_pic_2_square.png"; path = "../src/assets/coffee_assets/black_coffee/square/black_coffee_pic_2_square.png"; sourceTree = "<group>"; fileEncoding = undefined; lastKnownFileType = unknown; explicitFileType = undefined; includeInIndex = 0; };
		4782EEC172104206962355CA /* black_coffee_pic_3_square.png */ = {isa = PBXFileReference; name = "black_coffee_pic_3_square.png"; path = "../src/assets/coffee_assets/black_coffee/square/black_coffee_pic_3_square.png"; sourceTree = "<group>"; fileEncoding = undefined; lastKnownFileType = unknown; explicitFileType = undefined; includeInIndex = 0; };
		6C5B9A0073FB44B5B6D92B2A /* cappuccino_pic_1_portrait.png */ = {isa = PBXFileReference; name = "cappuccino_pic_1_portrait.png"; path = "../src/assets/coffee_assets/cappuccino/portrait/cappuccino_pic_1_portrait.png"; sourceTree = "<group>"; fileEncoding = undefined; lastKnownFileType = unknown; explicitFileType = undefined; includeInIndex = 0; };
		6919CD9E677C457E93029A41 /* cappuccino_pic_2_portrait.png */ = {isa = PBXFileReference; name = "cappuccino_pic_2_portrait.png"; path = "../src/assets/coffee_assets/cappuccino/portrait/cappuccino_pic_2_portrait.png"; sourceTree = "<group>"; fileEncoding = undefined; lastKnownFileType = unknown; explicitFileType = undefined; includeInIndex = 0; };
		CFA3952D88B34B62B897E544 /* cappuccino_pic_3_portrait.png */ = {isa = PBXFileReference; name = "cappuccino_pic_3_portrait.png"; path = "../src/assets/coffee_assets/cappuccino/portrait/cappuccino_pic_3_portrait.png"; sourceTree = "<group>"; fileEncoding = undefined; lastKnownFileType = unknown; explicitFileType = undefined; includeInIndex = 0; };
		47E2F280FFE74732A5C3F211 /* cappuccino_pic_1_square.png */ = {isa = PBXFileReference; name = "cappuccino_pic_1_square.png"; path = "../src/assets/coffee_assets/cappuccino/square/cappuccino_pic_1_square.png"; sourceTree = "<group>"; fileEncoding = undefined; lastKnownFileType = unknown; explicitFileType = undefined; includeInIndex = 0; };
		2148059A8BC54075998E4126 /* cappuccino_pic_2_square.png */ = {isa = PBXFileReference; name = "cappuccino_pic_2_square.png"; path = "../src/assets/coffee_assets/cappuccino/square/cappuccino_pic_2_square.png"; sourceTree = "<group>"; fileEncoding = undefined; lastKnownFileType = unknown; explicitFileType = undefined; includeInIndex = 0; };
		1CE9FA503ADF41AD8E22C939 /* cappuccino_pic_3_square.png */ = {isa = PBXFileReference; name = "cappuccino_pic_3_square.png"; path = "../src/assets/coffee_assets/cappuccino/square/cappuccino_pic_3_square.png"; sourceTree = "<group>"; fileEncoding = undefined; lastKnownFileType = unknown; explicitFileType = undefined; includeInIndex = 0; };
		BF23B18117B14ACB897D7929 /* espresso_pic_1_portrait.png */ = {isa = PBXFileReference; name = "espresso_pic_1_portrait.png"; path = "../src/assets/coffee_assets/espresso/portrait/espresso_pic_1_portrait.png"; sourceTree = "<group>"; fileEncoding = undefined; lastKnownFileType = unknown; explicitFileType = undefined; includeInIndex = 0; };
		D41CB98DF63649BF81B6DEEC /* espresso_pic_2_portrait.png */ = {isa = PBXFileReference; name = "espresso_pic_2_portrait.png"; path = "../src/assets/coffee_assets/espresso/portrait/espresso_pic_2_portrait.png"; sourceTree = "<group>"; fileEncoding = undefined; lastKnownFileType = unknown; explicitFileType = undefined; includeInIndex = 0; };
		601742F36949462F880607AE /* espresso_pic_3_portrait.png */ = {isa = PBXFileReference; name = "espresso_pic_3_portrait.png"; path = "../src/assets/coffee_assets/espresso/portrait/espresso_pic_3_portrait.png"; sourceTree = "<group>"; fileEncoding = undefined; lastKnownFileType = unknown; explicitFileType = undefined; includeInIndex = 0; };
		B662B98235004B08AA4F1842 /* espresso_pic_1_square.png */ = {isa = PBXFileReference; name = "espresso_pic_1_square.png"; path = "../src/assets/coffee_assets/espresso/square/espresso_pic_1_square.png"; sourceTree = "<group>"; fileEncoding = undefined; lastKnownFileType = unknown; explicitFileType = undefined; includeInIndex = 0; };
		62307A65357048AF8815A3F0 /* espresso_pic_2_square.png */ = {isa = PBXFileReference; name = "espresso_pic_2_square.png"; path = "../src/assets/coffee_assets/espresso/square/espresso_pic_2_square.png"; sourceTree = "<group>"; fileEncoding = undefined; lastKnownFileType = unknown; explicitFileType = undefined; includeInIndex = 0; };
		1F7DC20BEC4A4770A25006A0 /* espresso_pic_3_square.png */ = {isa = PBXFileReference; name = "espresso_pic_3_square.png"; path = "../src/assets/coffee_assets/espresso/square/espresso_pic_3_square.png"; sourceTree = "<group>"; fileEncoding = undefined; lastKnownFileType = unknown; explicitFileType = undefined; includeInIndex = 0; };
		8236E98F4D21469C99163DD6 /* excelsa_coffee_beans_portrait.png */ = {isa = PBXFileReference; name = "excelsa_coffee_beans_portrait.png"; path = "../src/assets/coffee_assets/excelsa_coffee_beans/excelsa_coffee_beans_portrait.png"; sourceTree = "<group>"; fileEncoding = undefined; lastKnownFileType = unknown; explicitFileType = undefined; includeInIndex = 0; };
		00C8306129E444E181AC5AF1 /* excelsa_coffee_beans_square.png */ = {isa = PBXFileReference; name = "excelsa_coffee_beans_square.png"; path = "../src/assets/coffee_assets/excelsa_coffee_beans/excelsa_coffee_beans_square.png"; sourceTree = "<group>"; fileEncoding = undefined; lastKnownFileType = unknown; explicitFileType = undefined; includeInIndex = 0; };
		16E66E5E60604373B541C8C9 /* latte_pic_1_portrait.png */ = {isa = PBXFileReference; name = "latte_pic_1_portrait.png"; path = "../src/assets/coffee_assets/latte/portrait/latte_pic_1_portrait.png"; sourceTree = "<group>"; fileEncoding = undefined; lastKnownFileType = unknown; explicitFileType = undefined; includeInIndex = 0; };
		7C8880CBBF84402F8F0369C9 /* latte_pic_2_portrait.png */ = {isa = PBXFileReference; name = "latte_pic_2_portrait.png"; path = "../src/assets/coffee_assets/latte/portrait/latte_pic_2_portrait.png"; sourceTree = "<group>"; fileEncoding = undefined; lastKnownFileType = unknown; explicitFileType = undefined; includeInIndex = 0; };
		53A10E9ED5094038893B5489 /* latte_pic_3_portrait.png */ = {isa = PBXFileReference; name = "latte_pic_3_portrait.png"; path = "../src/assets/coffee_assets/latte/portrait/latte_pic_3_portrait.png"; sourceTree = "<group>"; fileEncoding = undefined; lastKnownFileType = unknown; explicitFileType = undefined; includeInIndex = 0; };
		9A959E9BC36D4BA29A09E161 /* latte_pic_1_square.png */ = {isa = PBXFileReference; name = "latte_pic_1_square.png"; path = "../src/assets/coffee_assets/latte/square/latte_pic_1_square.png"; sourceTree = "<group>"; fileEncoding = undefined; lastKnownFileType = unknown; explicitFileType = undefined; includeInIndex = 0; };
		003878AFB202412FA73CDC9D /* latte_pic_2_square.png */ = {isa = PBXFileReference; name = "latte_pic_2_square.png"; path = "../src/assets/coffee_assets/latte/square/latte_pic_2_square.png"; sourceTree = "<group>"; fileEncoding = undefined; lastKnownFileType = unknown; explicitFileType = undefined; includeInIndex = 0; };
		A98EB211A1A74E9B86894A7C /* latte_pic_3_square.png */ = {isa = PBXFileReference; name = "latte_pic_3_square.png"; path = "../src/assets/coffee_assets/latte/square/latte_pic_3_square.png"; sourceTree = "<group>"; fileEncoding = undefined; lastKnownFileType = unknown; explicitFileType = undefined; includeInIndex = 0; };
		61EFEFDE86044489AEB455E2 /* liberica_coffee_beans_portrait.png */ = {isa = PBXFileReference; name = "liberica_coffee_beans_portrait.png"; path = "../src/assets/coffee_assets/liberica_coffee_beans/liberica_coffee_beans_portrait.png"; sourceTree = "<group>"; fileEncoding = undefined; lastKnownFileType = unknown; explicitFileType = undefined; includeInIndex = 0; };
		C971423F854446BEA6ADAD68 /* liberica_coffee_beans_square.png */ = {isa = PBXFileReference; name = "liberica_coffee_beans_square.png"; path = "../src/assets/coffee_assets/liberica_coffee_beans/liberica_coffee_beans_square.png"; sourceTree = "<group>"; fileEncoding = undefined; lastKnownFileType = unknown; explicitFileType = undefined; includeInIndex = 0; };
		CA258253DD094032B507C29E /* macchiato_pic_1_portrait.png */ = {isa = PBXFileReference; name = "macchiato_pic_1_portrait.png"; path = "../src/assets/coffee_assets/macchiato/portrait/macchiato_pic_1_portrait.png"; sourceTree = "<group>"; fileEncoding = undefined; lastKnownFileType = unknown; explicitFileType = undefined; includeInIndex = 0; };
		248734BAC52140368C0987D4 /* macchiato_pic_2_portrait.png */ = {isa = PBXFileReference; name = "macchiato_pic_2_portrait.png"; path = "../src/assets/coffee_assets/macchiato/portrait/macchiato_pic_2_portrait.png"; sourceTree = "<group>"; fileEncoding = undefined; lastKnownFileType = unknown; explicitFileType = undefined; includeInIndex = 0; };
		39723F0FBE7F4A599D685424 /* macchiato_pic_3_portrait.png */ = {isa = PBXFileReference; name = "macchiato_pic_3_portrait.png"; path = "../src/assets/coffee_assets/macchiato/portrait/macchiato_pic_3_portrait.png"; sourceTree = "<group>"; fileEncoding = undefined; lastKnownFileType = unknown; explicitFileType = undefined; includeInIndex = 0; };
		806DA10C0D014069B9FCD609 /* macchiato_pic_1_square.png */ = {isa = PBXFileReference; name = "macchiato_pic_1_square.png"; path = "../src/assets/coffee_assets/macchiato/square/macchiato_pic_1_square.png"; sourceTree = "<group>"; fileEncoding = undefined; lastKnownFileType = unknown; explicitFileType = undefined; includeInIndex = 0; };
		C5E9A714CB064B6C98C7352E /* macchiato_pic_2_square.png */ = {isa = PBXFileReference; name = "macchiato_pic_2_square.png"; path = "../src/assets/coffee_assets/macchiato/square/macchiato_pic_2_square.png"; sourceTree = "<group>"; fileEncoding = undefined; lastKnownFileType = unknown; explicitFileType = undefined; includeInIndex = 0; };
		95AF9A72E12A4266B25D1654 /* macchiato_pic_3_square.png */ = {isa = PBXFileReference; name = "macchiato_pic_3_square.png"; path = "../src/assets/coffee_assets/macchiato/square/macchiato_pic_3_square.png"; sourceTree = "<group>"; fileEncoding = undefined; lastKnownFileType = unknown; explicitFileType = undefined; includeInIndex = 0; };
		FB559DD53FDA4574982C4521 /* robusta_coffee_beans_portrait.png */ = {isa = PBXFileReference; name = "robusta_coffee_beans_portrait.png"; path = "../src/assets/coffee_assets/robusta_coffee_beans/robusta_coffee_beans_portrait.png"; sourceTree = "<group>"; fileEncoding = undefined; lastKnownFileType = unknown; explicitFileType = undefined; includeInIndex = 0; };
		CF2222BA6D94463AB0F1C181 /* robusta_coffee_beans_square.png */ = {isa = PBXFileReference; name = "robusta_coffee_beans_square.png"; path = "../src/assets/coffee_assets/robusta_coffee_beans/robusta_coffee_beans_square.png"; sourceTree = "<group>"; fileEncoding = undefined; lastKnownFileType = unknown; explicitFileType = undefined; includeInIndex = 0; };
/* End PBXFileReference section */

/* Begin PBXFrameworksBuildPhase section */
		00E356EB1AD99517003FC87E /* Frameworks */ = {
			isa = PBXFrameworksBuildPhase;
			buildActionMask = 2147483647;
			files = (
				7699B88040F8A987B510C191 /* libPods-Coffee_Shop_App-Coffee_Shop_AppTests.a in Frameworks */,
			);
			runOnlyForDeploymentPostprocessing = 0;
		};
		13B07F8C1A680F5B00A75B9A /* Frameworks */ = {
			isa = PBXFrameworksBuildPhase;
			buildActionMask = 2147483647;
			files = (
				0C80B921A6F3F58F76C31292 /* libPods-Coffee_Shop_App.a in Frameworks */,
			);
			runOnlyForDeploymentPostprocessing = 0;
		};
/* End PBXFrameworksBuildPhase section */

/* Begin PBXGroup section */
		00E356EF1AD99517003FC87E /* Coffee_Shop_AppTests */ = {
			isa = PBXGroup;
			children = (
				00E356F21AD99517003FC87E /* Coffee_Shop_AppTests.m */,
				00E356F01AD99517003FC87E /* Supporting Files */,
			);
			path = Coffee_Shop_AppTests;
			sourceTree = "<group>";
		};
		00E356F01AD99517003FC87E /* Supporting Files */ = {
			isa = PBXGroup;
			children = (
				00E356F11AD99517003FC87E /* Info.plist */,
			);
			name = "Supporting Files";
			sourceTree = "<group>";
		};
		13B07FAE1A68108700A75B9A /* Coffee_Shop_App */ = {
			isa = PBXGroup;
			children = (
				13B07FAF1A68108700A75B9A /* AppDelegate.h */,
				13B07FB01A68108700A75B9A /* AppDelegate.mm */,
				13B07FB51A68108700A75B9A /* Images.xcassets */,
				13B07FB61A68108700A75B9A /* Info.plist */,
				81AB9BB72411601600AC10FF /* LaunchScreen.storyboard */,
				13B07FB71A68108700A75B9A /* main.m */,
			);
			name = Coffee_Shop_App;
			sourceTree = "<group>";
		};
		2D16E6871FA4F8E400B85C8A /* Frameworks */ = {
			isa = PBXGroup;
			children = (
				ED297162215061F000B7C4FE /* JavaScriptCore.framework */,
				5DCACB8F33CDC322A6C60F78 /* libPods-Coffee_Shop_App.a */,
				19F6CBCC0A4E27FBF8BF4A61 /* libPods-Coffee_Shop_App-Coffee_Shop_AppTests.a */,
			);
			name = Frameworks;
			sourceTree = "<group>";
		};
		832341AE1AAA6A7D00B99B32 /* Libraries */ = {
			isa = PBXGroup;
			children = (
			);
			name = Libraries;
			sourceTree = "<group>";
		};
		83CBB9F61A601CBA00E9B192 = {
			isa = PBXGroup;
			children = (
				13B07FAE1A68108700A75B9A /* Coffee_Shop_App */,
				832341AE1AAA6A7D00B99B32 /* Libraries */,
				00E356EF1AD99517003FC87E /* Coffee_Shop_AppTests */,
				83CBBA001A601CBA00E9B192 /* Products */,
				2D16E6871FA4F8E400B85C8A /* Frameworks */,
				BBD78D7AC51CEA395F1C20DB /* Pods */,
				B2C1378264524AD19223C275 /* Resources */,
			);
			indentWidth = 2;
			sourceTree = "<group>";
			tabWidth = 2;
			usesTabs = 0;
		};
		83CBBA001A601CBA00E9B192 /* Products */ = {
			isa = PBXGroup;
			children = (
				13B07F961A680F5B00A75B9A /* Coffee_Shop_App.app */,
				00E356EE1AD99517003FC87E /* Coffee_Shop_AppTests.xctest */,
			);
			name = Products;
			sourceTree = "<group>";
		};
		BBD78D7AC51CEA395F1C20DB /* Pods */ = {
			isa = PBXGroup;
			children = (
				3B4392A12AC88292D35C810B /* Pods-Coffee_Shop_App.debug.xcconfig */,
				5709B34CF0A7D63546082F79 /* Pods-Coffee_Shop_App.release.xcconfig */,
				5B7EB9410499542E8C5724F5 /* Pods-Coffee_Shop_App-Coffee_Shop_AppTests.debug.xcconfig */,
				89C6BE57DB24E9ADA2F236DE /* Pods-Coffee_Shop_App-Coffee_Shop_AppTests.release.xcconfig */,
			);
			path = Pods;
			sourceTree = "<group>";
		};
		B2C1378264524AD19223C275 /* Resources */ = {
			isa = "PBXGroup";
			children = (
				E0B0FB68347049D9966809C4 /* app_icons.ttf */,
				16673853936A47FE81B63086 /* Poppins-Black.ttf */,
				3471374573D240ACB137E38E /* Poppins-Bold.ttf */,
				3321A8F14B004FDD902411B4 /* Poppins-ExtraBold.ttf */,
				7547AEE11B7345FCB1440FD6 /* Poppins-ExtraLight.ttf */,
				B13D46D7F8D74F5FBD00B54C /* Poppins-Light.ttf */,
				6659510CA8944983A1B35EAD /* Poppins-Medium.ttf */,
				734EB178AFFE4A66BC2613D8 /* Poppins-Regular.ttf */,
				C571F8AE97E54EB5B1062290 /* Poppins-SemiBold.ttf */,
				C2332A852D804EE2860EBAA3 /* Poppins-Thin.ttf */,
				6EC230B659204C9F8ED2424E /* amazonpay.png */,
				EE73BDFD8B2649FFA704A17B /* applepay.png */,
				D7B5B711087A478F85B3FEDB /* avatar.png */,
				549544EF21B24621977120B2 /* gpay.png */,
				E337301AE1B54FDC910E4879 /* americano_pic_1_portrait.png */,
				D7D002ED78BB48DAAC579388 /* americano_pic_2_portrait.png */,
				43539B22A03C405F9CA89820 /* americano_pic_3_portrait.png */,
				5F009172C09840C9A4DC69D2 /* americano_pic_1_square.png */,
				FE9E41DC279C43DCA3B9AA8D /* americano_pic_2_square.png */,
				8158AD78D251479F98EE1827 /* americano_pic_3_square.png */,
				44C58692BC2F46558BD4473E /* arabica_coffee_beans_portrait.png */,
				09B8334DF54843B0A360240B /* arabica_coffee_beans_square.png */,
				4BCF8FAD68A742A69F992E06 /* black_coffee_pic_1_portrait.png */,
				531770B6C869484CBFC4747C /* black_coffee_pic_2_portrait.png */,
				F076778E24B8419EBE5265AE /* black_coffee_pic_3_portrait.png */,
				D3220144FED148E38F48FA46 /* black_coffee_pic_1_square.png */,
				D1B21B40DFC447C995A30C0B /* black_coffee_pic_2_square.png */,
				4782EEC172104206962355CA /* black_coffee_pic_3_square.png */,
				6C5B9A0073FB44B5B6D92B2A /* cappuccino_pic_1_portrait.png */,
				6919CD9E677C457E93029A41 /* cappuccino_pic_2_portrait.png */,
				CFA3952D88B34B62B897E544 /* cappuccino_pic_3_portrait.png */,
				47E2F280FFE74732A5C3F211 /* cappuccino_pic_1_square.png */,
				2148059A8BC54075998E4126 /* cappuccino_pic_2_square.png */,
				1CE9FA503ADF41AD8E22C939 /* cappuccino_pic_3_square.png */,
				BF23B18117B14ACB897D7929 /* espresso_pic_1_portrait.png */,
				D41CB98DF63649BF81B6DEEC /* espresso_pic_2_portrait.png */,
				601742F36949462F880607AE /* espresso_pic_3_portrait.png */,
				B662B98235004B08AA4F1842 /* espresso_pic_1_square.png */,
				62307A65357048AF8815A3F0 /* espresso_pic_2_square.png */,
				1F7DC20BEC4A4770A25006A0 /* espresso_pic_3_square.png */,
				8236E98F4D21469C99163DD6 /* excelsa_coffee_beans_portrait.png */,
				00C8306129E444E181AC5AF1 /* excelsa_coffee_beans_square.png */,
				16E66E5E60604373B541C8C9 /* latte_pic_1_portrait.png */,
				7C8880CBBF84402F8F0369C9 /* latte_pic_2_portrait.png */,
				53A10E9ED5094038893B5489 /* latte_pic_3_portrait.png */,
				9A959E9BC36D4BA29A09E161 /* latte_pic_1_square.png */,
				003878AFB202412FA73CDC9D /* latte_pic_2_square.png */,
				A98EB211A1A74E9B86894A7C /* latte_pic_3_square.png */,
				61EFEFDE86044489AEB455E2 /* liberica_coffee_beans_portrait.png */,
				C971423F854446BEA6ADAD68 /* liberica_coffee_beans_square.png */,
				CA258253DD094032B507C29E /* macchiato_pic_1_portrait.png */,
				248734BAC52140368C0987D4 /* macchiato_pic_2_portrait.png */,
				39723F0FBE7F4A599D685424 /* macchiato_pic_3_portrait.png */,
				806DA10C0D014069B9FCD609 /* macchiato_pic_1_square.png */,
				C5E9A714CB064B6C98C7352E /* macchiato_pic_2_square.png */,
				95AF9A72E12A4266B25D1654 /* macchiato_pic_3_square.png */,
				FB559DD53FDA4574982C4521 /* robusta_coffee_beans_portrait.png */,
				CF2222BA6D94463AB0F1C181 /* robusta_coffee_beans_square.png */,
			);
			name = Resources;
			sourceTree = "<group>";
			path = "";
		};
/* End PBXGroup section */

/* Begin PBXNativeTarget section */
		00E356ED1AD99517003FC87E /* Coffee_Shop_AppTests */ = {
			isa = PBXNativeTarget;
			buildConfigurationList = 00E357021AD99517003FC87E /* Build configuration list for PBXNativeTarget "Coffee_Shop_AppTests" */;
			buildPhases = (
				A55EABD7B0C7F3A422A6CC61 /* [CP] Check Pods Manifest.lock */,
				00E356EA1AD99517003FC87E /* Sources */,
				00E356EB1AD99517003FC87E /* Frameworks */,
				00E356EC1AD99517003FC87E /* Resources */,
				C59DA0FBD6956966B86A3779 /* [CP] Embed Pods Frameworks */,
				F6A41C54EA430FDDC6A6ED99 /* [CP] Copy Pods Resources */,
			);
			buildRules = (
			);
			dependencies = (
				00E356F51AD99517003FC87E /* PBXTargetDependency */,
			);
			name = Coffee_Shop_AppTests;
			productName = Coffee_Shop_AppTests;
			productReference = 00E356EE1AD99517003FC87E /* Coffee_Shop_AppTests.xctest */;
			productType = "com.apple.product-type.bundle.unit-test";
		};
		13B07F861A680F5B00A75B9A /* Coffee_Shop_App */ = {
			isa = PBXNativeTarget;
			buildConfigurationList = 13B07F931A680F5B00A75B9A /* Build configuration list for PBXNativeTarget "Coffee_Shop_App" */;
			buildPhases = (
				C38B50BA6285516D6DCD4F65 /* [CP] Check Pods Manifest.lock */,
				FD10A7F022414F080027D42C /* Start Packager */,
				13B07F871A680F5B00A75B9A /* Sources */,
				13B07F8C1A680F5B00A75B9A /* Frameworks */,
				13B07F8E1A680F5B00A75B9A /* Resources */,
				00DD1BFF1BD5951E006B06BC /* Bundle React Native code and images */,
				00EEFC60759A1932668264C0 /* [CP] Embed Pods Frameworks */,
				E235C05ADACE081382539298 /* [CP] Copy Pods Resources */,
			);
			buildRules = (
			);
			dependencies = (
			);
			name = Coffee_Shop_App;
			productName = Coffee_Shop_App;
			productReference = 13B07F961A680F5B00A75B9A /* Coffee_Shop_App.app */;
			productType = "com.apple.product-type.application";
		};
/* End PBXNativeTarget section */

/* Begin PBXProject section */
		83CBB9F71A601CBA00E9B192 /* Project object */ = {
			isa = PBXProject;
			attributes = {
				LastUpgradeCheck = 1210;
				TargetAttributes = {
					00E356ED1AD99517003FC87E = {
						CreatedOnToolsVersion = 6.2;
						TestTargetID = 13B07F861A680F5B00A75B9A;
					};
					13B07F861A680F5B00A75B9A = {
						LastSwiftMigration = 1120;
					};
				};
			};
			buildConfigurationList = 83CBB9FA1A601CBA00E9B192 /* Build configuration list for PBXProject "Coffee_Shop_App" */;
			compatibilityVersion = "Xcode 12.0";
			developmentRegion = en;
			hasScannedForEncodings = 0;
			knownRegions = (
				en,
				Base,
			);
			mainGroup = 83CBB9F61A601CBA00E9B192;
			productRefGroup = 83CBBA001A601CBA00E9B192 /* Products */;
			projectDirPath = "";
			projectRoot = "";
			targets = (
				13B07F861A680F5B00A75B9A /* Coffee_Shop_App */,
				00E356ED1AD99517003FC87E /* Coffee_Shop_AppTests */,
			);
		};
/* End PBXProject section */

/* Begin PBXResourcesBuildPhase section */
		00E356EC1AD99517003FC87E /* Resources */ = {
			isa = PBXResourcesBuildPhase;
			buildActionMask = 2147483647;
			files = (
			);
			runOnlyForDeploymentPostprocessing = 0;
		};
		13B07F8E1A680F5B00A75B9A /* Resources */ = {
			isa = PBXResourcesBuildPhase;
			buildActionMask = 2147483647;
			files = (
				81AB9BB82411601600AC10FF /* LaunchScreen.storyboard in Resources */,
				13B07FBF1A68108700A75B9A /* Images.xcassets in Resources */,
				3EBB80DDFFFB4B11A543329E /* app_icons.ttf in Resources */,
				4B9A265FE7FF4598867BDDC3 /* Poppins-Black.ttf in Resources */,
				B4C00F565F2E4C38B4B1E112 /* Poppins-Bold.ttf in Resources */,
				4788DBED8A57484CBC0F2086 /* Poppins-ExtraBold.ttf in Resources */,
				A98016B032F44341A7690FA8 /* Poppins-ExtraLight.ttf in Resources */,
				8CD88024A00F4BD59272A7DF /* Poppins-Light.ttf in Resources */,
				3FD6E8AE9D8940F2AFC8E05A /* Poppins-Medium.ttf in Resources */,
				4903E21F1F4A489DBC6B445B /* Poppins-Regular.ttf in Resources */,
				349A466CB8F74D4C8A7B5FC7 /* Poppins-SemiBold.ttf in Resources */,
				3EAF7EBB4FBE41FFB2C345DF /* Poppins-Thin.ttf in Resources */,
				A4CCAA6FDA7441558DFF3B52 /* amazonpay.png in Resources */,
				3085F9D4C7934A29AA89233F /* applepay.png in Resources */,
				8AB2746F87F5453AA4062BAD /* avatar.png in Resources */,
				09200506BC1644E280FFBE3D /* gpay.png in Resources */,
				0F4EB206F2614A3C9F4ACE5E /* americano_pic_1_portrait.png in Resources */,
				D112714A32C245E383095324 /* americano_pic_2_portrait.png in Resources */,
				65196901A154450181F026CE /* americano_pic_3_portrait.png in Resources */,
				25C7B42FB155465E96EEBACC /* americano_pic_1_square.png in Resources */,
				AA2CD66532434D09BD43AE3A /* americano_pic_2_square.png in Resources */,
				95FA791CFDB3457B92D57422 /* americano_pic_3_square.png in Resources */,
				6924459769154B1198BB82DE /* arabica_coffee_beans_portrait.png in Resources */,
				F8A36E1C730E4B29BF1986F7 /* arabica_coffee_beans_square.png in Resources */,
				9B2107AD0ED14166A9307BDB /* black_coffee_pic_1_portrait.png in Resources */,
				A961E308F38E4FDCB911CA95 /* black_coffee_pic_2_portrait.png in Resources */,
				6033B0C524FB47B7923B28A2 /* black_coffee_pic_3_portrait.png in Resources */,
				95B78838F9E6467891106D23 /* black_coffee_pic_1_square.png in Resources */,
				25073E09AB404B27927F599C /* black_coffee_pic_2_square.png in Resources */,
				16176FD4A85941A9B71E7E53 /* black_coffee_pic_3_square.png in Resources */,
				691F5E073511454D883EE5E9 /* cappuccino_pic_1_portrait.png in Resources */,
				1C967936738045EA9E89B5FE /* cappuccino_pic_2_portrait.png in Resources */,
				D886A34711CE47C4AB5C562E /* cappuccino_pic_3_portrait.png in Resources */,
				AC571923080141F7B9AA508E /* cappuccino_pic_1_square.png in Resources */,
				0485B01C06754237BFA173AE /* cappuccino_pic_2_square.png in Resources */,
				12640A966D094C7883A67F7E /* cappuccino_pic_3_square.png in Resources */,
				F2CB23130EFD4CC49EB9BDA4 /* espresso_pic_1_portrait.png in Resources */,
				7DAC6825825A489988C3B858 /* espresso_pic_2_portrait.png in Resources */,
				D37F6141F9C44C5798D331C8 /* espresso_pic_3_portrait.png in Resources */,
				8CBF4E3968A14176BED72431 /* espresso_pic_1_square.png in Resources */,
				9DBB0563A5794377BADA5E75 /* espresso_pic_2_square.png in Resources */,
				067251EE7D9148EB9A90B21D /* espresso_pic_3_square.png in Resources */,
				9EB3DF95F5414BC08294E176 /* excelsa_coffee_beans_portrait.png in Resources */,
				9AF17CFBBB414D8C86CAE426 /* excelsa_coffee_beans_square.png in Resources */,
				6E7F09FE87DE470486F58174 /* latte_pic_1_portrait.png in Resources */,
				C491E3E399E04C53880CF08D /* latte_pic_2_portrait.png in Resources */,
				210FB23652CB4A36BD913B57 /* latte_pic_3_portrait.png in Resources */,
				3797B1425AB54E74B444116E /* latte_pic_1_square.png in Resources */,
				9C2EB8443F2E4657BFA6981F /* latte_pic_2_square.png in Resources */,
				9AD353BA76B9495396E98CD5 /* latte_pic_3_square.png in Resources */,
				2E4AC3423F314347AC62E2FD /* liberica_coffee_beans_portrait.png in Resources */,
				ED25E80096E84CCA94D0D60B /* liberica_coffee_beans_square.png in Resources */,
				E96068609E474156A2A868BF /* macchiato_pic_1_portrait.png in Resources */,
				BAC672B45DDA45BFBCFBC4D2 /* macchiato_pic_2_portrait.png in Resources */,
				8C8DC96325AE43E9BF8FDBA7 /* macchiato_pic_3_portrait.png in Resources */,
				9C3C658C192B45D5B9463225 /* macchiato_pic_1_square.png in Resources */,
				5B272CFEBEA64C6BBB61C111 /* macchiato_pic_2_square.png in Resources */,
				9B6BBCB094B44714A0571CE2 /* macchiato_pic_3_square.png in Resources */,
				3F1F657BA0814A4F9A569561 /* robusta_coffee_beans_portrait.png in Resources */,
				C7D304A6175347B48CD13AFB /* robusta_coffee_beans_square.png in Resources */,
			);
			runOnlyForDeploymentPostprocessing = 0;
		};
/* End PBXResourcesBuildPhase section */

/* Begin PBXShellScriptBuildPhase section */
		00DD1BFF1BD5951E006B06BC /* Bundle React Native code and images */ = {
			isa = PBXShellScriptBuildPhase;
			buildActionMask = 2147483647;
			files = (
			);
			inputPaths = (
				"$(SRCROOT)/.xcode.env.local",
				"$(SRCROOT)/.xcode.env",
			);
			name = "Bundle React Native code and images";
			outputPaths = (
			);
			runOnlyForDeploymentPostprocessing = 0;
			shellPath = /bin/sh;
			shellScript = "set -e\n\nWITH_ENVIRONMENT=\"../node_modules/react-native/scripts/xcode/with-environment.sh\"\nREACT_NATIVE_XCODE=\"../node_modules/react-native/scripts/react-native-xcode.sh\"\n\n/bin/sh -c \"$WITH_ENVIRONMENT $REACT_NATIVE_XCODE\"\n";
		};
		00EEFC60759A1932668264C0 /* [CP] Embed Pods Frameworks */ = {
			isa = PBXShellScriptBuildPhase;
			buildActionMask = 2147483647;
			files = (
			);
			inputFileListPaths = (
				"${PODS_ROOT}/Target Support Files/Pods-Coffee_Shop_App/Pods-Coffee_Shop_App-frameworks-${CONFIGURATION}-input-files.xcfilelist",
			);
			name = "[CP] Embed Pods Frameworks";
			outputFileListPaths = (
				"${PODS_ROOT}/Target Support Files/Pods-Coffee_Shop_App/Pods-Coffee_Shop_App-frameworks-${CONFIGURATION}-output-files.xcfilelist",
			);
			runOnlyForDeploymentPostprocessing = 0;
			shellPath = /bin/sh;
			shellScript = "\"${PODS_ROOT}/Target Support Files/Pods-Coffee_Shop_App/Pods-Coffee_Shop_App-frameworks.sh\"\n";
			showEnvVarsInLog = 0;
		};
		A55EABD7B0C7F3A422A6CC61 /* [CP] Check Pods Manifest.lock */ = {
			isa = PBXShellScriptBuildPhase;
			buildActionMask = 2147483647;
			files = (
			);
			inputFileListPaths = (
			);
			inputPaths = (
				"${PODS_PODFILE_DIR_PATH}/Podfile.lock",
				"${PODS_ROOT}/Manifest.lock",
			);
			name = "[CP] Check Pods Manifest.lock";
			outputFileListPaths = (
			);
			outputPaths = (
				"$(DERIVED_FILE_DIR)/Pods-Coffee_Shop_App-Coffee_Shop_AppTests-checkManifestLockResult.txt",
			);
			runOnlyForDeploymentPostprocessing = 0;
			shellPath = /bin/sh;
			shellScript = "diff \"${PODS_PODFILE_DIR_PATH}/Podfile.lock\" \"${PODS_ROOT}/Manifest.lock\" > /dev/null\nif [ $? != 0 ] ; then\n    # print error to STDERR\n    echo \"error: The sandbox is not in sync with the Podfile.lock. Run 'pod install' or update your CocoaPods installation.\" >&2\n    exit 1\nfi\n# This output is used by Xcode 'outputs' to avoid re-running this script phase.\necho \"SUCCESS\" > \"${SCRIPT_OUTPUT_FILE_0}\"\n";
			showEnvVarsInLog = 0;
		};
		C38B50BA6285516D6DCD4F65 /* [CP] Check Pods Manifest.lock */ = {
			isa = PBXShellScriptBuildPhase;
			buildActionMask = 2147483647;
			files = (
			);
			inputFileListPaths = (
			);
			inputPaths = (
				"${PODS_PODFILE_DIR_PATH}/Podfile.lock",
				"${PODS_ROOT}/Manifest.lock",
			);
			name = "[CP] Check Pods Manifest.lock";
			outputFileListPaths = (
			);
			outputPaths = (
				"$(DERIVED_FILE_DIR)/Pods-Coffee_Shop_App-checkManifestLockResult.txt",
			);
			runOnlyForDeploymentPostprocessing = 0;
			shellPath = /bin/sh;
			shellScript = "diff \"${PODS_PODFILE_DIR_PATH}/Podfile.lock\" \"${PODS_ROOT}/Manifest.lock\" > /dev/null\nif [ $? != 0 ] ; then\n    # print error to STDERR\n    echo \"error: The sandbox is not in sync with the Podfile.lock. Run 'pod install' or update your CocoaPods installation.\" >&2\n    exit 1\nfi\n# This output is used by Xcode 'outputs' to avoid re-running this script phase.\necho \"SUCCESS\" > \"${SCRIPT_OUTPUT_FILE_0}\"\n";
			showEnvVarsInLog = 0;
		};
		C59DA0FBD6956966B86A3779 /* [CP] Embed Pods Frameworks */ = {
			isa = PBXShellScriptBuildPhase;
			buildActionMask = 2147483647;
			files = (
			);
			inputFileListPaths = (
				"${PODS_ROOT}/Target Support Files/Pods-Coffee_Shop_App-Coffee_Shop_AppTests/Pods-Coffee_Shop_App-Coffee_Shop_AppTests-frameworks-${CONFIGURATION}-input-files.xcfilelist",
			);
			name = "[CP] Embed Pods Frameworks";
			outputFileListPaths = (
				"${PODS_ROOT}/Target Support Files/Pods-Coffee_Shop_App-Coffee_Shop_AppTests/Pods-Coffee_Shop_App-Coffee_Shop_AppTests-frameworks-${CONFIGURATION}-output-files.xcfilelist",
			);
			runOnlyForDeploymentPostprocessing = 0;
			shellPath = /bin/sh;
			shellScript = "\"${PODS_ROOT}/Target Support Files/Pods-Coffee_Shop_App-Coffee_Shop_AppTests/Pods-Coffee_Shop_App-Coffee_Shop_AppTests-frameworks.sh\"\n";
			showEnvVarsInLog = 0;
		};
		E235C05ADACE081382539298 /* [CP] Copy Pods Resources */ = {
			isa = PBXShellScriptBuildPhase;
			buildActionMask = 2147483647;
			files = (
			);
			inputFileListPaths = (
				"${PODS_ROOT}/Target Support Files/Pods-Coffee_Shop_App/Pods-Coffee_Shop_App-resources-${CONFIGURATION}-input-files.xcfilelist",
			);
			name = "[CP] Copy Pods Resources";
			outputFileListPaths = (
				"${PODS_ROOT}/Target Support Files/Pods-Coffee_Shop_App/Pods-Coffee_Shop_App-resources-${CONFIGURATION}-output-files.xcfilelist",
			);
			runOnlyForDeploymentPostprocessing = 0;
			shellPath = /bin/sh;
			shellScript = "\"${PODS_ROOT}/Target Support Files/Pods-Coffee_Shop_App/Pods-Coffee_Shop_App-resources.sh\"\n";
			showEnvVarsInLog = 0;
		};
		F6A41C54EA430FDDC6A6ED99 /* [CP] Copy Pods Resources */ = {
			isa = PBXShellScriptBuildPhase;
			buildActionMask = 2147483647;
			files = (
			);
			inputFileListPaths = (
				"${PODS_ROOT}/Target Support Files/Pods-Coffee_Shop_App-Coffee_Shop_AppTests/Pods-Coffee_Shop_App-Coffee_Shop_AppTests-resources-${CONFIGURATION}-input-files.xcfilelist",
			);
			name = "[CP] Copy Pods Resources";
			outputFileListPaths = (
				"${PODS_ROOT}/Target Support Files/Pods-Coffee_Shop_App-Coffee_Shop_AppTests/Pods-Coffee_Shop_App-Coffee_Shop_AppTests-resources-${CONFIGURATION}-output-files.xcfilelist",
			);
			runOnlyForDeploymentPostprocessing = 0;
			shellPath = /bin/sh;
			shellScript = "\"${PODS_ROOT}/Target Support Files/Pods-Coffee_Shop_App-Coffee_Shop_AppTests/Pods-Coffee_Shop_App-Coffee_Shop_AppTests-resources.sh\"\n";
			showEnvVarsInLog = 0;
		};
		FD10A7F022414F080027D42C /* Start Packager */ = {
			isa = PBXShellScriptBuildPhase;
			buildActionMask = 2147483647;
			files = (
			);
			inputFileListPaths = (
			);
			inputPaths = (
			);
			name = "Start Packager";
			outputFileListPaths = (
			);
			outputPaths = (
			);
			runOnlyForDeploymentPostprocessing = 0;
			shellPath = /bin/sh;
			shellScript = "export RCT_METRO_PORT=\"${RCT_METRO_PORT:=8081}\"\necho \"export RCT_METRO_PORT=${RCT_METRO_PORT}\" > \"${SRCROOT}/../node_modules/react-native/scripts/.packager.env\"\nif [ -z \"${RCT_NO_LAUNCH_PACKAGER+xxx}\" ] ; then\n  if nc -w 5 -z localhost ${RCT_METRO_PORT} ; then\n    if ! curl -s \"http://localhost:${RCT_METRO_PORT}/status\" | grep -q \"packager-status:running\" ; then\n      echo \"Port ${RCT_METRO_PORT} already in use, packager is either not running or not running correctly\"\n      exit 2\n    fi\n  else\n    open \"$SRCROOT/../node_modules/react-native/scripts/launchPackager.command\" || echo \"Can't start packager automatically\"\n  fi\nfi\n";
			showEnvVarsInLog = 0;
		};
/* End PBXShellScriptBuildPhase section */

/* Begin PBXSourcesBuildPhase section */
		00E356EA1AD99517003FC87E /* Sources */ = {
			isa = PBXSourcesBuildPhase;
			buildActionMask = 2147483647;
			files = (
				00E356F31AD99517003FC87E /* Coffee_Shop_AppTests.m in Sources */,
			);
			runOnlyForDeploymentPostprocessing = 0;
		};
		13B07F871A680F5B00A75B9A /* Sources */ = {
			isa = PBXSourcesBuildPhase;
			buildActionMask = 2147483647;
			files = (
				13B07FBC1A68108700A75B9A /* AppDelegate.mm in Sources */,
				13B07FC11A68108700A75B9A /* main.m in Sources */,
			);
			runOnlyForDeploymentPostprocessing = 0;
		};
/* End PBXSourcesBuildPhase section */

/* Begin PBXTargetDependency section */
		00E356F51AD99517003FC87E /* PBXTargetDependency */ = {
			isa = PBXTargetDependency;
			target = 13B07F861A680F5B00A75B9A /* Coffee_Shop_App */;
			targetProxy = 00E356F41AD99517003FC87E /* PBXContainerItemProxy */;
		};
/* End PBXTargetDependency section */

/* Begin XCBuildConfiguration section */
		00E356F61AD99517003FC87E /* Debug */ = {
			isa = XCBuildConfiguration;
			baseConfigurationReference = 5B7EB9410499542E8C5724F5 /* Pods-Coffee_Shop_App-Coffee_Shop_AppTests.debug.xcconfig */;
			buildSettings = {
				BUNDLE_LOADER = "$(TEST_HOST)";
				GCC_PREPROCESSOR_DEFINITIONS = (
					"DEBUG=1",
					"$(inherited)",
				);
				INFOPLIST_FILE = Coffee_Shop_AppTests/Info.plist;
				IPHONEOS_DEPLOYMENT_TARGET = 12.4;
				LD_RUNPATH_SEARCH_PATHS = (
					"$(inherited)",
					"@executable_path/Frameworks",
					"@loader_path/Frameworks",
				);
				OTHER_LDFLAGS = (
					"-ObjC",
					"-lc++",
					"$(inherited)",
				);
				PRODUCT_BUNDLE_IDENTIFIER = "org.reactjs.native.example.$(PRODUCT_NAME:rfc1034identifier)";
				PRODUCT_NAME = "$(TARGET_NAME)";
				TEST_HOST = "$(BUILT_PRODUCTS_DIR)/Coffee_Shop_App.app/Coffee_Shop_App";
			};
			name = Debug;
		};
		00E356F71AD99517003FC87E /* Release */ = {
			isa = XCBuildConfiguration;
			baseConfigurationReference = 89C6BE57DB24E9ADA2F236DE /* Pods-Coffee_Shop_App-Coffee_Shop_AppTests.release.xcconfig */;
			buildSettings = {
				BUNDLE_LOADER = "$(TEST_HOST)";
				COPY_PHASE_STRIP = NO;
				INFOPLIST_FILE = Coffee_Shop_AppTests/Info.plist;
				IPHONEOS_DEPLOYMENT_TARGET = 12.4;
				LD_RUNPATH_SEARCH_PATHS = (
					"$(inherited)",
					"@executable_path/Frameworks",
					"@loader_path/Frameworks",
				);
				OTHER_LDFLAGS = (
					"-ObjC",
					"-lc++",
					"$(inherited)",
				);
				PRODUCT_BUNDLE_IDENTIFIER = "org.reactjs.native.example.$(PRODUCT_NAME:rfc1034identifier)";
				PRODUCT_NAME = "$(TARGET_NAME)";
				TEST_HOST = "$(BUILT_PRODUCTS_DIR)/Coffee_Shop_App.app/Coffee_Shop_App";
			};
			name = Release;
		};
		13B07F941A680F5B00A75B9A /* Debug */ = {
			isa = XCBuildConfiguration;
			baseConfigurationReference = 3B4392A12AC88292D35C810B /* Pods-Coffee_Shop_App.debug.xcconfig */;
			buildSettings = {
				ASSETCATALOG_COMPILER_APPICON_NAME = AppIcon;
				CLANG_ENABLE_MODULES = YES;
				CURRENT_PROJECT_VERSION = 1;
				ENABLE_BITCODE = NO;
				INFOPLIST_FILE = Coffee_Shop_App/Info.plist;
				LD_RUNPATH_SEARCH_PATHS = (
					"$(inherited)",
					"@executable_path/Frameworks",
				);
				MARKETING_VERSION = 1.0;
				OTHER_LDFLAGS = (
					"$(inherited)",
					"-ObjC",
					"-lc++",
				);
				PRODUCT_BUNDLE_IDENTIFIER = "org.reactjs.native.example.$(PRODUCT_NAME:rfc1034identifier)";
				PRODUCT_NAME = Coffee_Shop_App;
				SWIFT_OPTIMIZATION_LEVEL = "-Onone";
				SWIFT_VERSION = 5.0;
				VERSIONING_SYSTEM = "apple-generic";
			};
			name = Debug;
		};
		13B07F951A680F5B00A75B9A /* Release */ = {
			isa = XCBuildConfiguration;
			baseConfigurationReference = 5709B34CF0A7D63546082F79 /* Pods-Coffee_Shop_App.release.xcconfig */;
			buildSettings = {
				ASSETCATALOG_COMPILER_APPICON_NAME = AppIcon;
				CLANG_ENABLE_MODULES = YES;
				CURRENT_PROJECT_VERSION = 1;
				INFOPLIST_FILE = Coffee_Shop_App/Info.plist;
				LD_RUNPATH_SEARCH_PATHS = (
					"$(inherited)",
					"@executable_path/Frameworks",
				);
				MARKETING_VERSION = 1.0;
				OTHER_LDFLAGS = (
					"$(inherited)",
					"-ObjC",
					"-lc++",
				);
				PRODUCT_BUNDLE_IDENTIFIER = "org.reactjs.native.example.$(PRODUCT_NAME:rfc1034identifier)";
				PRODUCT_NAME = Coffee_Shop_App;
				SWIFT_VERSION = 5.0;
				VERSIONING_SYSTEM = "apple-generic";
			};
			name = Release;
		};
		83CBBA201A601CBA00E9B192 /* Debug */ = {
			isa = XCBuildConfiguration;
			buildSettings = {
				ALWAYS_SEARCH_USER_PATHS = NO;
				CLANG_ANALYZER_LOCALIZABILITY_NONLOCALIZED = YES;
				CLANG_CXX_LANGUAGE_STANDARD = "c++17";
				CLANG_CXX_LIBRARY = "libc++";
				CLANG_ENABLE_MODULES = YES;
				CLANG_ENABLE_OBJC_ARC = YES;
				CLANG_WARN_BLOCK_CAPTURE_AUTORELEASING = YES;
				CLANG_WARN_BOOL_CONVERSION = YES;
				CLANG_WARN_COMMA = YES;
				CLANG_WARN_CONSTANT_CONVERSION = YES;
				CLANG_WARN_DEPRECATED_OBJC_IMPLEMENTATIONS = YES;
				CLANG_WARN_DIRECT_OBJC_ISA_USAGE = YES_ERROR;
				CLANG_WARN_EMPTY_BODY = YES;
				CLANG_WARN_ENUM_CONVERSION = YES;
				CLANG_WARN_INFINITE_RECURSION = YES;
				CLANG_WARN_INT_CONVERSION = YES;
				CLANG_WARN_NON_LITERAL_NULL_CONVERSION = YES;
				CLANG_WARN_OBJC_IMPLICIT_RETAIN_SELF = YES;
				CLANG_WARN_OBJC_LITERAL_CONVERSION = YES;
				CLANG_WARN_OBJC_ROOT_CLASS = YES_ERROR;
				CLANG_WARN_QUOTED_INCLUDE_IN_FRAMEWORK_HEADER = YES;
				CLANG_WARN_RANGE_LOOP_ANALYSIS = YES;
				CLANG_WARN_STRICT_PROTOTYPES = YES;
				CLANG_WARN_SUSPICIOUS_MOVE = YES;
				CLANG_WARN_UNREACHABLE_CODE = YES;
				CLANG_WARN__DUPLICATE_METHOD_MATCH = YES;
				"CODE_SIGN_IDENTITY[sdk=iphoneos*]" = "iPhone Developer";
				COPY_PHASE_STRIP = NO;
				ENABLE_STRICT_OBJC_MSGSEND = YES;
				ENABLE_TESTABILITY = YES;
				"EXCLUDED_ARCHS[sdk=iphonesimulator*]" = "";
				GCC_C_LANGUAGE_STANDARD = gnu99;
				GCC_DYNAMIC_NO_PIC = NO;
				GCC_NO_COMMON_BLOCKS = YES;
				GCC_OPTIMIZATION_LEVEL = 0;
				GCC_PREPROCESSOR_DEFINITIONS = (
					"DEBUG=1",
					"$(inherited)",
				);
				GCC_SYMBOLS_PRIVATE_EXTERN = NO;
				GCC_WARN_64_TO_32_BIT_CONVERSION = YES;
				GCC_WARN_ABOUT_RETURN_TYPE = YES_ERROR;
				GCC_WARN_UNDECLARED_SELECTOR = YES;
				GCC_WARN_UNINITIALIZED_AUTOS = YES_AGGRESSIVE;
				GCC_WARN_UNUSED_FUNCTION = YES;
				GCC_WARN_UNUSED_VARIABLE = YES;
				IPHONEOS_DEPLOYMENT_TARGET = 12.4;
				LD_RUNPATH_SEARCH_PATHS = (
					/usr/lib/swift,
					"$(inherited)",
				);
				LIBRARY_SEARCH_PATHS = (
					"\"$(SDKROOT)/usr/lib/swift\"",
					"\"$(TOOLCHAIN_DIR)/usr/lib/swift/$(PLATFORM_NAME)\"",
					"\"$(inherited)\"",
				);
				MTL_ENABLE_DEBUG_INFO = YES;
				ONLY_ACTIVE_ARCH = YES;
				OTHER_CPLUSPLUSFLAGS = (
					"$(OTHER_CFLAGS)",
					"-DFOLLY_NO_CONFIG",
					"-DFOLLY_MOBILE=1",
					"-DFOLLY_USE_LIBCPP=1",
				);
				SDKROOT = iphoneos;
			};
			name = Debug;
		};
		83CBBA211A601CBA00E9B192 /* Release */ = {
			isa = XCBuildConfiguration;
			buildSettings = {
				ALWAYS_SEARCH_USER_PATHS = NO;
				CLANG_ANALYZER_LOCALIZABILITY_NONLOCALIZED = YES;
				CLANG_CXX_LANGUAGE_STANDARD = "c++17";
				CLANG_CXX_LIBRARY = "libc++";
				CLANG_ENABLE_MODULES = YES;
				CLANG_ENABLE_OBJC_ARC = YES;
				CLANG_WARN_BLOCK_CAPTURE_AUTORELEASING = YES;
				CLANG_WARN_BOOL_CONVERSION = YES;
				CLANG_WARN_COMMA = YES;
				CLANG_WARN_CONSTANT_CONVERSION = YES;
				CLANG_WARN_DEPRECATED_OBJC_IMPLEMENTATIONS = YES;
				CLANG_WARN_DIRECT_OBJC_ISA_USAGE = YES_ERROR;
				CLANG_WARN_EMPTY_BODY = YES;
				CLANG_WARN_ENUM_CONVERSION = YES;
				CLANG_WARN_INFINITE_RECURSION = YES;
				CLANG_WARN_INT_CONVERSION = YES;
				CLANG_WARN_NON_LITERAL_NULL_CONVERSION = YES;
				CLANG_WARN_OBJC_IMPLICIT_RETAIN_SELF = YES;
				CLANG_WARN_OBJC_LITERAL_CONVERSION = YES;
				CLANG_WARN_OBJC_ROOT_CLASS = YES_ERROR;
				CLANG_WARN_QUOTED_INCLUDE_IN_FRAMEWORK_HEADER = YES;
				CLANG_WARN_RANGE_LOOP_ANALYSIS = YES;
				CLANG_WARN_STRICT_PROTOTYPES = YES;
				CLANG_WARN_SUSPICIOUS_MOVE = YES;
				CLANG_WARN_UNREACHABLE_CODE = YES;
				CLANG_WARN__DUPLICATE_METHOD_MATCH = YES;
				"CODE_SIGN_IDENTITY[sdk=iphoneos*]" = "iPhone Developer";
				COPY_PHASE_STRIP = YES;
				ENABLE_NS_ASSERTIONS = NO;
				ENABLE_STRICT_OBJC_MSGSEND = YES;
				"EXCLUDED_ARCHS[sdk=iphonesimulator*]" = "";
				GCC_C_LANGUAGE_STANDARD = gnu99;
				GCC_NO_COMMON_BLOCKS = YES;
				GCC_WARN_64_TO_32_BIT_CONVERSION = YES;
				GCC_WARN_ABOUT_RETURN_TYPE = YES_ERROR;
				GCC_WARN_UNDECLARED_SELECTOR = YES;
				GCC_WARN_UNINITIALIZED_AUTOS = YES_AGGRESSIVE;
				GCC_WARN_UNUSED_FUNCTION = YES;
				GCC_WARN_UNUSED_VARIABLE = YES;
				IPHONEOS_DEPLOYMENT_TARGET = 12.4;
				LD_RUNPATH_SEARCH_PATHS = (
					/usr/lib/swift,
					"$(inherited)",
				);
				LIBRARY_SEARCH_PATHS = (
					"\"$(SDKROOT)/usr/lib/swift\"",
					"\"$(TOOLCHAIN_DIR)/usr/lib/swift/$(PLATFORM_NAME)\"",
					"\"$(inherited)\"",
				);
				MTL_ENABLE_DEBUG_INFO = NO;
				OTHER_CPLUSPLUSFLAGS = (
					"$(OTHER_CFLAGS)",
					"-DFOLLY_NO_CONFIG",
					"-DFOLLY_MOBILE=1",
					"-DFOLLY_USE_LIBCPP=1",
				);
				SDKROOT = iphoneos;
				VALIDATE_PRODUCT = YES;
			};
			name = Release;
		};
/* End XCBuildConfiguration section */

/* Begin XCConfigurationList section */
		00E357021AD99517003FC87E /* Build configuration list for PBXNativeTarget "Coffee_Shop_AppTests" */ = {
			isa = XCConfigurationList;
			buildConfigurations = (
				00E356F61AD99517003FC87E /* Debug */,
				00E356F71AD99517003FC87E /* Release */,
			);
			defaultConfigurationIsVisible = 0;
			defaultConfigurationName = Release;
		};
		13B07F931A680F5B00A75B9A /* Build configuration list for PBXNativeTarget "Coffee_Shop_App" */ = {
			isa = XCConfigurationList;
			buildConfigurations = (
				13B07F941A680F5B00A75B9A /* Debug */,
				13B07F951A680F5B00A75B9A /* Release */,
			);
			defaultConfigurationIsVisible = 0;
			defaultConfigurationName = Release;
		};
		83CBB9FA1A601CBA00E9B192 /* Build configuration list for PBXProject "Coffee_Shop_App" */ = {
			isa = XCConfigurationList;
			buildConfigurations = (
				83CBBA201A601CBA00E9B192 /* Debug */,
				83CBBA211A601CBA00E9B192 /* Release */,
			);
			defaultConfigurationIsVisible = 0;
			defaultConfigurationName = Release;
		};
/* End XCConfigurationList section */
	};
	rootObject = 83CBB9F71A601CBA00E9B192 /* Project object */;
}
